# THIS IS AN AUTOGENERATED FILE. DO NOT EDIT THIS FILE DIRECTLY.
# yarn lockfile v1


ajv@^6.5.5:
  version "6.10.0"
  resolved "https://registry.yarnpkg.com/ajv/-/ajv-6.10.0.tgz#90d0d54439da587cd7e843bfb7045f50bd22bdf1"
  dependencies:
    fast-deep-equal "^2.0.1"
    fast-json-stable-stringify "^2.0.0"
    json-schema-traverse "^0.4.1"
    uri-js "^4.2.2"

anymatch@^3.0.1:
  version "3.0.2"
  resolved "https://registry.yarnpkg.com/anymatch/-/anymatch-3.0.2.tgz#ddb3a8495d44875423af7b919aace11e91732a41"
  dependencies:
    normalize-path "^3.0.0"
    picomatch "^2.0.4"

asn1@~0.2.3:
  version "0.2.4"
  resolved "https://registry.yarnpkg.com/asn1/-/asn1-0.2.4.tgz#8d2475dfab553bb33e77b54e59e880bb8ce23136"
  dependencies:
    safer-buffer "~2.1.0"

assert-plus@1.0.0, assert-plus@^1.0.0:
  version "1.0.0"
  resolved "https://registry.yarnpkg.com/assert-plus/-/assert-plus-1.0.0.tgz#f12e0f3c5d77b0b1cdd9146942e4e96c1e4dd525"

async-each@^1.0.3:
  version "1.0.3"
  resolved "https://registry.yarnpkg.com/async-each/-/async-each-1.0.3.tgz#b727dbf87d7651602f06f4d4ac387f47d91b0cbf"

asynckit@^0.4.0:
  version "0.4.0"
  resolved "https://registry.yarnpkg.com/asynckit/-/asynckit-0.4.0.tgz#c79ed97f7f34cb8f2ba1bc9790bcc366474b4b79"

aws-sign2@~0.7.0:
  version "0.7.0"
  resolved "https://registry.yarnpkg.com/aws-sign2/-/aws-sign2-0.7.0.tgz#b46e890934a9591f2d2f6f86d7e6a9f1b3fe76a8"

aws4@^1.8.0:
  version "1.8.0"
  resolved "https://registry.yarnpkg.com/aws4/-/aws4-1.8.0.tgz#f0e003d9ca9e7f59c7a508945d7b2ef9a04a542f"

balanced-match@^1.0.0:
  version "1.0.0"
  resolved "https://registry.yarnpkg.com/balanced-match/-/balanced-match-1.0.0.tgz#89b4d199ab2bee49de164ea02b89ce462d71b767"

bcrypt-pbkdf@^1.0.0:
  version "1.0.2"
  resolved "https://registry.yarnpkg.com/bcrypt-pbkdf/-/bcrypt-pbkdf-1.0.2.tgz#a4301d389b6a43f9b67ff3ca11a3f6637e360e9e"
  dependencies:
    tweetnacl "^0.14.3"

binary-extensions@^2.0.0:
  version "2.0.0"
  resolved "https://registry.yarnpkg.com/binary-extensions/-/binary-extensions-2.0.0.tgz#23c0df14f6a88077f5f986c0d167ec03c3d5537c"

binary@^0.3.0:
  version "0.3.0"
  resolved "https://registry.yarnpkg.com/binary/-/binary-0.3.0.tgz#9f60553bc5ce8c3386f3b553cff47462adecaa79"
  dependencies:
    buffers "~0.1.1"
    chainsaw "~0.1.0"

binwrap@^0.2.0:
  version "0.2.1"
  resolved "https://registry.yarnpkg.com/binwrap/-/binwrap-0.2.1.tgz#d88467026170cb2776b9d47f002d3b4316aa9a87"
  dependencies:
    mustache "^2.3.0"
    request "^2.87.0"
    request-promise "^4.2.0"
    tar "^4.4.8"
    unzip-stream "^0.3.0"

bluebird@^3.5.0:
  version "3.5.5"
  resolved "https://registry.yarnpkg.com/bluebird/-/bluebird-3.5.5.tgz#a8d0afd73251effbbd5fe384a77d73003c17a71f"

brace-expansion@^1.1.7:
  version "1.1.11"
  resolved "https://registry.yarnpkg.com/brace-expansion/-/brace-expansion-1.1.11.tgz#3c7fcbf529d87226f3d2f52b966ff5271eb441dd"
  dependencies:
    balanced-match "^1.0.0"
    concat-map "0.0.1"

braces@^3.0.2:
  version "3.0.2"
  resolved "https://registry.yarnpkg.com/braces/-/braces-3.0.2.tgz#3454e1a462ee8d599e236df336cd9ea4f8afe107"
  dependencies:
    fill-range "^7.0.1"

buffers@~0.1.1:
  version "0.1.1"
  resolved "https://registry.yarnpkg.com/buffers/-/buffers-0.1.1.tgz#b24579c3bed4d6d396aeee6d9a8ae7f5482ab7bb"

caseless@~0.12.0:
  version "0.12.0"
  resolved "https://registry.yarnpkg.com/caseless/-/caseless-0.12.0.tgz#1b681c21ff84033c826543090689420d187151dc"

chainsaw@~0.1.0:
  version "0.1.0"
  resolved "https://registry.yarnpkg.com/chainsaw/-/chainsaw-0.1.0.tgz#5eab50b28afe58074d0d58291388828b5e5fbc98"
  dependencies:
    traverse ">=0.3.0 <0.4"

"chokidar@>=2.0.0 <4.0.0":
  version "3.0.1"
  resolved "https://registry.yarnpkg.com/chokidar/-/chokidar-3.0.1.tgz#98fe9aa476c55d9aea7841d6325ffdb30e95b40c"
  dependencies:
    anymatch "^3.0.1"
    async-each "^1.0.3"
    braces "^3.0.2"
    glob-parent "^5.0.0"
    is-binary-path "^2.1.0"
    is-glob "^4.0.1"
    normalize-path "^3.0.0"
    readdirp "^3.0.2"
  optionalDependencies:
    fsevents "^2.0.6"

chownr@^1.1.1:
  version "1.1.1"
  resolved "https://registry.yarnpkg.com/chownr/-/chownr-1.1.1.tgz#54726b8b8fff4df053c42187e801fb4412df1494"

combined-stream@^1.0.6, combined-stream@~1.0.6:
  version "1.0.8"
  resolved "https://registry.yarnpkg.com/combined-stream/-/combined-stream-1.0.8.tgz#c3d45a8b34fd730631a110a8a2520682b31d5a7f"
  dependencies:
    delayed-stream "~1.0.0"

concat-map@0.0.1:
  version "0.0.1"
  resolved "https://registry.yarnpkg.com/concat-map/-/concat-map-0.0.1.tgz#d8a96bd77fd68df7793a73036a3ba0d5405d477b"

core-util-is@1.0.2:
  version "1.0.2"
  resolved "https://registry.yarnpkg.com/core-util-is/-/core-util-is-1.0.2.tgz#b5fd54220aa2bc5ab57aab7140c940754503c1a7"

cross-spawn@4.0.0:
  version "4.0.0"
  resolved "https://registry.yarnpkg.com/cross-spawn/-/cross-spawn-4.0.0.tgz#8254774ab4786b8c5b3cf4dfba66ce563932c252"
  dependencies:
    lru-cache "^4.0.1"
    which "^1.2.9"

dashdash@^1.12.0:
  version "1.14.1"
  resolved "https://registry.yarnpkg.com/dashdash/-/dashdash-1.14.1.tgz#853cfa0f7cbe2fed5de20326b8dd581035f6e2f0"
  dependencies:
    assert-plus "^1.0.0"

delayed-stream@~1.0.0:
  version "1.0.0"
  resolved "https://registry.yarnpkg.com/delayed-stream/-/delayed-stream-1.0.0.tgz#df3ae199acadfb7d440aaae0b29e2272b24ec619"

ecc-jsbn@~0.1.1:
  version "0.1.2"
  resolved "https://registry.yarnpkg.com/ecc-jsbn/-/ecc-jsbn-0.1.2.tgz#3a83a904e54353287874c564b7549386849a98c9"
  dependencies:
    jsbn "~0.1.0"
    safer-buffer "^2.1.0"

elm-format@^0.8.1:
  version "0.8.1"
  resolved "https://registry.yarnpkg.com/elm-format/-/elm-format-0.8.1.tgz#37796fc06b8460a6d76a054a1216d86d8481155e"
  dependencies:
    binwrap "^0.2.0"

elm-hot@^1.1.0:
  version "1.1.0"
  resolved "https://registry.yarnpkg.com/elm-hot/-/elm-hot-1.1.0.tgz#6daaf4a3f0bb8fd19306337ba887b7f7c8e5936e"

elm@^0.19.0-no-deps:
  version "0.19.0-no-deps"
  resolved "https://registry.yarnpkg.com/elm/-/elm-0.19.0-no-deps.tgz#4754b658c424771823ee91bd5bf6387647954add"

extend@~3.0.2:
  version "3.0.2"
  resolved "https://registry.yarnpkg.com/extend/-/extend-3.0.2.tgz#f8b1136b4071fbd8eb140aff858b1019ec2915fa"

extsprintf@1.3.0:
  version "1.3.0"
  resolved "https://registry.yarnpkg.com/extsprintf/-/extsprintf-1.3.0.tgz#96918440e3041a7a414f8c52e3c574eb3c3e1e05"

extsprintf@^1.2.0:
  version "1.4.0"
  resolved "https://registry.yarnpkg.com/extsprintf/-/extsprintf-1.4.0.tgz#e2689f8f356fad62cca65a3a91c5df5f9551692f"

fast-deep-equal@^2.0.1:
  version "2.0.1"
  resolved "https://registry.yarnpkg.com/fast-deep-equal/-/fast-deep-equal-2.0.1.tgz#7b05218ddf9667bf7f370bf7fdb2cb15fdd0aa49"

fast-json-stable-stringify@^2.0.0:
  version "2.0.0"
  resolved "https://registry.yarnpkg.com/fast-json-stable-stringify/-/fast-json-stable-stringify-2.0.0.tgz#d5142c0caee6b1189f87d3a76111064f86c8bbf2"

file-match@^1.0.1:
  version "1.0.2"
  resolved "https://registry.yarnpkg.com/file-match/-/file-match-1.0.2.tgz#c9cad265d2c8adf3a81475b0df475859069faef7"
  dependencies:
    utils-extend "^1.0.6"

file-system@2.2.2:
  version "2.2.2"
  resolved "https://registry.yarnpkg.com/file-system/-/file-system-2.2.2.tgz#7d65833e3a2347dcd956a813c677153ed3edd987"
  dependencies:
    file-match "^1.0.1"
    utils-extend "^1.0.4"

fill-range@^7.0.1:
  version "7.0.1"
  resolved "https://registry.yarnpkg.com/fill-range/-/fill-range-7.0.1.tgz#1919a6a7c75fe38b2c7c77e5198535da9acdda40"
  dependencies:
    to-regex-range "^5.0.1"

find-elm-dependencies@2.0.1:
  version "2.0.1"
  resolved "https://registry.yarnpkg.com/find-elm-dependencies/-/find-elm-dependencies-2.0.1.tgz#802e4e58379ad7ee7f30e048f8695ab732cf8132"
  dependencies:
    firstline "1.2.0"
    lodash "4.17.11"

firstline@1.2.0:
  version "1.2.0"
  resolved "https://registry.yarnpkg.com/firstline/-/firstline-1.2.0.tgz#c9f4886e7f7fbf0afc12d71941dce06b192aea05"

forever-agent@~0.6.1:
  version "0.6.1"
  resolved "https://registry.yarnpkg.com/forever-agent/-/forever-agent-0.6.1.tgz#fbc71f0c41adeb37f96c577ad1ed42d8fdacca91"

form-data@~2.3.2:
  version "2.3.3"
  resolved "https://registry.yarnpkg.com/form-data/-/form-data-2.3.3.tgz#dcce52c05f644f298c6a7ab936bd724ceffbf3a6"
  dependencies:
    asynckit "^0.4.0"
    combined-stream "^1.0.6"
    mime-types "^2.1.12"

fs-minipass@^1.2.5:
  version "1.2.6"
  resolved "https://registry.yarnpkg.com/fs-minipass/-/fs-minipass-1.2.6.tgz#2c5cc30ded81282bfe8a0d7c7c1853ddeb102c07"
  dependencies:
    minipass "^2.2.1"

fsevents@^2.0.6:
  version "2.0.7"
  resolved "https://registry.yarnpkg.com/fsevents/-/fsevents-2.0.7.tgz#382c9b443c6cbac4c57187cdda23aa3bf1ccfc2a"

getpass@^0.1.1:
  version "0.1.7"
  resolved "https://registry.yarnpkg.com/getpass/-/getpass-0.1.7.tgz#5eff8e3e684d569ae4cb2b1282604e8ba62149fa"
  dependencies:
    assert-plus "^1.0.0"

glob-parent@^5.0.0:
  version "5.0.0"
  resolved "https://registry.yarnpkg.com/glob-parent/-/glob-parent-5.0.0.tgz#1dc99f0f39b006d3e92c2c284068382f0c20e954"
  dependencies:
    is-glob "^4.0.1"

har-schema@^2.0.0:
  version "2.0.0"
  resolved "https://registry.yarnpkg.com/har-schema/-/har-schema-2.0.0.tgz#a94c2224ebcac04782a0d9035521f24735b7ec92"

har-validator@~5.1.0:
  version "5.1.3"
  resolved "https://registry.yarnpkg.com/har-validator/-/har-validator-5.1.3.tgz#1ef89ebd3e4996557675eed9893110dc350fa080"
  dependencies:
    ajv "^6.5.5"
    har-schema "^2.0.0"

http-signature@~1.2.0:
  version "1.2.0"
  resolved "https://registry.yarnpkg.com/http-signature/-/http-signature-1.2.0.tgz#9aecd925114772f3d95b65a60abb8f7c18fbace1"
  dependencies:
    assert-plus "^1.0.0"
    jsprim "^1.2.2"
    sshpk "^1.7.0"

inherits@2.0.3:
  version "2.0.3"
  resolved "https://registry.yarnpkg.com/inherits/-/inherits-2.0.3.tgz#633c2c83e3da42a502f52466022480f4208261de"

is-binary-path@^2.1.0:
  version "2.1.0"
  resolved "https://registry.yarnpkg.com/is-binary-path/-/is-binary-path-2.1.0.tgz#ea1f7f3b80f064236e83470f86c09c254fb45b09"
  dependencies:
    binary-extensions "^2.0.0"

is-extglob@^2.1.1:
  version "2.1.1"
  resolved "https://registry.yarnpkg.com/is-extglob/-/is-extglob-2.1.1.tgz#a88c02535791f02ed37c76a1b9ea9773c833f8c2"

is-glob@^4.0.1:
  version "4.0.1"
  resolved "https://registry.yarnpkg.com/is-glob/-/is-glob-4.0.1.tgz#7567dbe9f2f5e2467bc77ab83c4a29482407a5dc"
  dependencies:
    is-extglob "^2.1.1"

is-number@^7.0.0:
  version "7.0.0"
  resolved "https://registry.yarnpkg.com/is-number/-/is-number-7.0.0.tgz#7535345b896734d5f80c4d06c50955527a14f12b"

is-typedarray@~1.0.0:
  version "1.0.0"
  resolved "https://registry.yarnpkg.com/is-typedarray/-/is-typedarray-1.0.0.tgz#e479c80858df0c1b11ddda6940f96011fcda4a9a"

isexe@^2.0.0:
  version "2.0.0"
  resolved "https://registry.yarnpkg.com/isexe/-/isexe-2.0.0.tgz#e8fbf374dc556ff8947a10dcb0572d633f2cfa10"

isstream@~0.1.2:
  version "0.1.2"
  resolved "https://registry.yarnpkg.com/isstream/-/isstream-0.1.2.tgz#47e63f7af55afa6f92e1500e690eb8b8529c099a"

jsbn@~0.1.0:
  version "0.1.1"
  resolved "https://registry.yarnpkg.com/jsbn/-/jsbn-0.1.1.tgz#a5e654c2e5a2deb5f201d96cefbca80c0ef2f513"

json-schema-traverse@^0.4.1:
  version "0.4.1"
  resolved "https://registry.yarnpkg.com/json-schema-traverse/-/json-schema-traverse-0.4.1.tgz#69f6a87d9513ab8bb8fe63bdb0979c448e684660"

json-schema@0.2.3:
  version "0.2.3"
  resolved "https://registry.yarnpkg.com/json-schema/-/json-schema-0.2.3.tgz#b480c892e59a2f05954ce727bd3f2a4e882f9e13"

json-stringify-safe@~5.0.1:
  version "5.0.1"
  resolved "https://registry.yarnpkg.com/json-stringify-safe/-/json-stringify-safe-5.0.1.tgz#1296a2d58fd45f19a0f6ce01d65701e2c735b6eb"

jsprim@^1.2.2:
  version "1.4.1"
  resolved "https://registry.yarnpkg.com/jsprim/-/jsprim-1.4.1.tgz#313e66bc1e5cc06e438bc1b7499c2e5c56acb6a2"
  dependencies:
    assert-plus "1.0.0"
    extsprintf "1.3.0"
    json-schema "0.2.3"
    verror "1.10.0"

lodash@4.17.11, lodash@^4.17.11:
  version "4.17.11"
  resolved "https://registry.yarnpkg.com/lodash/-/lodash-4.17.11.tgz#b39ea6229ef607ecd89e2c8df12536891cac9b8d"

lru-cache@^4.0.1:
  version "4.1.5"
  resolved "https://registry.yarnpkg.com/lru-cache/-/lru-cache-4.1.5.tgz#8bbe50ea85bed59bc9e33dcab8235ee9bcf443cd"
  dependencies:
    pseudomap "^1.0.2"
    yallist "^2.1.2"

mime-db@1.40.0:
  version "1.40.0"
  resolved "https://registry.yarnpkg.com/mime-db/-/mime-db-1.40.0.tgz#a65057e998db090f732a68f6c276d387d4126c32"

mime-types@^2.1.12, mime-types@~2.1.19:
  version "2.1.24"
  resolved "https://registry.yarnpkg.com/mime-types/-/mime-types-2.1.24.tgz#b6f8d0b3e951efb77dedeca194cff6d16f676f81"
  dependencies:
    mime-db "1.40.0"

minimatch@3.0.4:
  version "3.0.4"
  resolved "https://registry.yarnpkg.com/minimatch/-/minimatch-3.0.4.tgz#5166e286457f03306064be5497e8dbb0c3d32083"
  dependencies:
    brace-expansion "^1.1.7"

minimist@0.0.8:
  version "0.0.8"
  resolved "https://registry.yarnpkg.com/minimist/-/minimist-0.0.8.tgz#857fcabfc3397d2625b8228262e86aa7a011b05d"

minipass@^2.2.1, minipass@^2.3.5:
  version "2.3.5"
  resolved "https://registry.yarnpkg.com/minipass/-/minipass-2.3.5.tgz#cacebe492022497f656b0f0f51e2682a9ed2d848"
  dependencies:
    safe-buffer "^5.1.2"
    yallist "^3.0.0"

minizlib@^1.2.1:
  version "1.2.1"
  resolved "https://registry.yarnpkg.com/minizlib/-/minizlib-1.2.1.tgz#dd27ea6136243c7c880684e8672bb3a45fd9b614"
  dependencies:
    minipass "^2.2.1"

mkdirp@^0.5.0, mkdirp@^0.5.1:
  version "0.5.1"
  resolved "https://registry.yarnpkg.com/mkdirp/-/mkdirp-0.5.1.tgz#30057438eac6cf7f8c4767f38648d6697d75c903"
  dependencies:
    minimist "0.0.8"

mustache@^2.3.0:
  version "2.3.2"
  resolved "https://registry.yarnpkg.com/mustache/-/mustache-2.3.2.tgz#a6d4d9c3f91d13359ab889a812954f9230a3d0c5"

node-elm-compiler@^5.0.3:
  version "5.0.3"
  resolved "https://registry.yarnpkg.com/node-elm-compiler/-/node-elm-compiler-5.0.3.tgz#69ffe02c0db4948c4ad9a4f91f8e45b0840c7943"
  dependencies:
    cross-spawn "4.0.0"
    find-elm-dependencies "2.0.1"
    lodash "4.17.11"
    temp "^0.8.3"

normalize-path@^3.0.0:
  version "3.0.0"
  resolved "https://registry.yarnpkg.com/normalize-path/-/normalize-path-3.0.0.tgz#0dcd69ff23a1c9b11fd0978316644a0388216a65"

oauth-sign@~0.9.0:
  version "0.9.0"
  resolved "https://registry.yarnpkg.com/oauth-sign/-/oauth-sign-0.9.0.tgz#47a7b016baa68b5fa0ecf3dee08a85c679ac6455"

os-tmpdir@^1.0.0:
  version "1.0.2"
  resolved "https://registry.yarnpkg.com/os-tmpdir/-/os-tmpdir-1.0.2.tgz#bbe67406c79aa85c5cfec766fe5734555dfa1274"

parcel-plugin-static-files-copy@^2.1.2:
  version "2.1.2"
  resolved "https://registry.yarnpkg.com/parcel-plugin-static-files-copy/-/parcel-plugin-static-files-copy-2.1.2.tgz#d66178e47eeae1722e47a31e17df3ea5d4f9e00b"
  dependencies:
    file-system "2.2.2"
    minimatch "3.0.4"
    path "0.12.7"

path@0.12.7:
  version "0.12.7"
  resolved "https://registry.yarnpkg.com/path/-/path-0.12.7.tgz#d4dc2a506c4ce2197eb481ebfcd5b36c0140b10f"
  dependencies:
    process "^0.11.1"
    util "^0.10.3"

performance-now@^2.1.0:
  version "2.1.0"
  resolved "https://registry.yarnpkg.com/performance-now/-/performance-now-2.1.0.tgz#6309f4e0e5fa913ec1c69307ae364b4b377c9e7b"

picomatch@^2.0.4:
  version "2.0.7"
  resolved "https://registry.yarnpkg.com/picomatch/-/picomatch-2.0.7.tgz#514169d8c7cd0bdbeecc8a2609e34a7163de69f6"

process@^0.11.1:
  version "0.11.10"
  resolved "https://registry.yarnpkg.com/process/-/process-0.11.10.tgz#7332300e840161bda3e69a1d1d91a7d4bc16f182"

pseudomap@^1.0.2:
  version "1.0.2"
  resolved "https://registry.yarnpkg.com/pseudomap/-/pseudomap-1.0.2.tgz#f052a28da70e618917ef0a8ac34c1ae5a68286b3"

psl@^1.1.24, psl@^1.1.28:
  version "1.1.33"
  resolved "https://registry.yarnpkg.com/psl/-/psl-1.1.33.tgz#5533d9384ca7aab86425198e10e8053ebfeab661"

punycode@^1.4.1:
  version "1.4.1"
  resolved "https://registry.yarnpkg.com/punycode/-/punycode-1.4.1.tgz#c0d5a63b2718800ad8e1eb0fa5269c84dd41845e"

punycode@^2.1.0, punycode@^2.1.1:
  version "2.1.1"
  resolved "https://registry.yarnpkg.com/punycode/-/punycode-2.1.1.tgz#b58b010ac40c22c5657616c8d2c2c02c7bf479ec"

qs@~6.5.2:
  version "6.5.3"
  resolved "https://registry.yarnpkg.com/qs/-/qs-6.5.3.tgz#3aeeffc91967ef6e35c0e488ef46fb296ab76aad"

readdirp@^3.0.2:
  version "3.0.2"
  resolved "https://registry.yarnpkg.com/readdirp/-/readdirp-3.0.2.tgz#cba63348e9e42fc1bd334b1d2ef895b6a043cbd6"
  dependencies:
    picomatch "^2.0.4"

request-promise-core@1.1.2:
  version "1.1.2"
  resolved "https://registry.yarnpkg.com/request-promise-core/-/request-promise-core-1.1.2.tgz#339f6aababcafdb31c799ff158700336301d3346"
  dependencies:
    lodash "^4.17.11"

request-promise@^4.2.0:
  version "4.2.4"
  resolved "https://registry.yarnpkg.com/request-promise/-/request-promise-4.2.4.tgz#1c5ed0d71441e38ad58c7ce4ea4ea5b06d54b310"
  dependencies:
    bluebird "^3.5.0"
    request-promise-core "1.1.2"
    stealthy-require "^1.1.1"
    tough-cookie "^2.3.3"

request@^2.87.0:
  version "2.88.0"
  resolved "https://registry.yarnpkg.com/request/-/request-2.88.0.tgz#9c2fca4f7d35b592efe57c7f0a55e81052124fef"
  dependencies:
    aws-sign2 "~0.7.0"
    aws4 "^1.8.0"
    caseless "~0.12.0"
    combined-stream "~1.0.6"
    extend "~3.0.2"
    forever-agent "~0.6.1"
    form-data "~2.3.2"
    har-validator "~5.1.0"
    http-signature "~1.2.0"
    is-typedarray "~1.0.0"
    isstream "~0.1.2"
    json-stringify-safe "~5.0.1"
    mime-types "~2.1.19"
    oauth-sign "~0.9.0"
    performance-now "^2.1.0"
    qs "~6.5.2"
    safe-buffer "^5.1.2"
    tough-cookie "~2.4.3"
    tunnel-agent "^0.6.0"
    uuid "^3.3.2"

rimraf@~2.2.6:
  version "2.2.8"
  resolved "https://registry.yarnpkg.com/rimraf/-/rimraf-2.2.8.tgz#e439be2aaee327321952730f99a8929e4fc50582"

safe-buffer@^5.0.1, safe-buffer@^5.1.2:
  version "5.1.2"
  resolved "https://registry.yarnpkg.com/safe-buffer/-/safe-buffer-5.1.2.tgz#991ec69d296e0313747d59bdfd2b745c35f8828d"

safer-buffer@^2.0.2, safer-buffer@^2.1.0, safer-buffer@~2.1.0:
  version "2.1.2"
  resolved "https://registry.yarnpkg.com/safer-buffer/-/safer-buffer-2.1.2.tgz#44fa161b0187b9549dd84bb91802f9bd8385cd6a"

sass@^1.22.1:
  version "1.22.1"
  resolved "https://registry.yarnpkg.com/sass/-/sass-1.22.1.tgz#9dc3cb2ea37d12fec94ef5c0e1112055f23e5bc8"
  dependencies:
    chokidar ">=2.0.0 <4.0.0"

sshpk@^1.7.0:
  version "1.16.1"
  resolved "https://registry.yarnpkg.com/sshpk/-/sshpk-1.16.1.tgz#fb661c0bef29b39db40769ee39fa70093d6f6877"
  dependencies:
    asn1 "~0.2.3"
    assert-plus "^1.0.0"
    bcrypt-pbkdf "^1.0.0"
    dashdash "^1.12.0"
    ecc-jsbn "~0.1.1"
    getpass "^0.1.1"
    jsbn "~0.1.0"
    safer-buffer "^2.0.2"
    tweetnacl "~0.14.0"

stealthy-require@^1.1.1:
  version "1.1.1"
  resolved "https://registry.yarnpkg.com/stealthy-require/-/stealthy-require-1.1.1.tgz#35b09875b4ff49f26a777e509b3090a3226bf24b"

tar@^4.4.8:
  version "4.4.10"
  resolved "https://registry.yarnpkg.com/tar/-/tar-4.4.10.tgz#946b2810b9a5e0b26140cf78bea6b0b0d689eba1"
  dependencies:
    chownr "^1.1.1"
    fs-minipass "^1.2.5"
    minipass "^2.3.5"
    minizlib "^1.2.1"
    mkdirp "^0.5.0"
    safe-buffer "^5.1.2"
    yallist "^3.0.3"

temp@^0.8.3:
  version "0.8.3"
  resolved "https://registry.yarnpkg.com/temp/-/temp-0.8.3.tgz#e0c6bc4d26b903124410e4fed81103014dfc1f59"
  dependencies:
    os-tmpdir "^1.0.0"
    rimraf "~2.2.6"

to-regex-range@^5.0.1:
  version "5.0.1"
  resolved "https://registry.yarnpkg.com/to-regex-range/-/to-regex-range-5.0.1.tgz#1648c44aae7c8d988a326018ed72f5b4dd0392e4"
  dependencies:
    is-number "^7.0.0"

tough-cookie@^2.3.3:
  version "2.5.0"
  resolved "https://registry.yarnpkg.com/tough-cookie/-/tough-cookie-2.5.0.tgz#cd9fb2a0aa1d5a12b473bd9fb96fa3dcff65ade2"
  dependencies:
    psl "^1.1.28"
    punycode "^2.1.1"

tough-cookie@~2.4.3:
  version "2.4.3"
  resolved "https://registry.yarnpkg.com/tough-cookie/-/tough-cookie-2.4.3.tgz#53f36da3f47783b0925afa06ff9f3b165280f781"
  dependencies:
    psl "^1.1.24"
    punycode "^1.4.1"

"traverse@>=0.3.0 <0.4":
  version "0.3.9"
  resolved "https://registry.yarnpkg.com/traverse/-/traverse-0.3.9.tgz#717b8f220cc0bb7b44e40514c22b2e8bbc70d8b9"

tunnel-agent@^0.6.0:
  version "0.6.0"
  resolved "https://registry.yarnpkg.com/tunnel-agent/-/tunnel-agent-0.6.0.tgz#27a5dea06b36b04a0a9966774b290868f0fc40fd"
  dependencies:
    safe-buffer "^5.0.1"

tweetnacl@^0.14.3, tweetnacl@~0.14.0:
  version "0.14.5"
  resolved "https://registry.yarnpkg.com/tweetnacl/-/tweetnacl-0.14.5.tgz#5ae68177f192d4456269d108afa93ff8743f4f64"

unzip-stream@^0.3.0:
  version "0.3.0"
  resolved "https://registry.yarnpkg.com/unzip-stream/-/unzip-stream-0.3.0.tgz#c30c054cd6b0d64b13a23cd3ece911eb0b2b52d8"
  dependencies:
    binary "^0.3.0"
    mkdirp "^0.5.1"

uri-js@^4.2.2:
  version "4.2.2"
  resolved "https://registry.yarnpkg.com/uri-js/-/uri-js-4.2.2.tgz#94c540e1ff772956e2299507c010aea6c8838eb0"
  dependencies:
    punycode "^2.1.0"

util@^0.10.3:
  version "0.10.4"
  resolved "https://registry.yarnpkg.com/util/-/util-0.10.4.tgz#3aa0125bfe668a4672de58857d3ace27ecb76901"
  dependencies:
    inherits "2.0.3"

utils-extend@^1.0.4, utils-extend@^1.0.6:
  version "1.0.8"
  resolved "https://registry.yarnpkg.com/utils-extend/-/utils-extend-1.0.8.tgz#ccfd7b64540f8e90ee21eec57769d0651cab8a5f"

uuid@^3.3.2:
  version "3.3.2"
  resolved "https://registry.yarnpkg.com/uuid/-/uuid-3.3.2.tgz#1b4af4955eb3077c501c23872fc6513811587131"

verror@1.10.0:
  version "1.10.0"
  resolved "https://registry.yarnpkg.com/verror/-/verror-1.10.0.tgz#3a105ca17053af55d6e270c1f8288682e18da400"
  dependencies:
    assert-plus "^1.0.0"
    core-util-is "1.0.2"
    extsprintf "^1.2.0"

which@^1.2.9:
  version "1.3.1"
  resolved "https://registry.yarnpkg.com/which/-/which-1.3.1.tgz#a45043d54f5805316da8d62f9f50918d3da70b0a"
  dependencies:
    isexe "^2.0.0"

yallist@^2.1.2:
  version "2.1.2"
  resolved "https://registry.yarnpkg.com/yallist/-/yallist-2.1.2.tgz#1c11f9218f076089a47dd512f93c6699a6a81d52"

yallist@^3.0.0, yallist@^3.0.3:
  version "3.0.3"
  resolved "https://registry.yarnpkg.com/yallist/-/yallist-3.0.3.tgz#b4b049e314be545e3ce802236d6cd22cd91c3de9"
